
Microsoft Visual Studio Solution File, Format Version 12.00
# Visual Studio Version 17
VisualStudioVersion = 17.3.32811.315
MinimumVisualStudioVersion = 10.0.40219.1
Project("{FAE04EC0-301F-11D3-BF4B-00C04F79EFBC}") = "Text10", "Text10.csproj", "{710E592D-A6AE-49B7-9872-2339D4C631AD}"
EndProject
Global
	GlobalSection(SolutionConfigurationPlatforms) = preSolution
		Debug|Any CPU = Debug|Any CPU
		Release|Any CPU = Release|Any CPU
	EndGlobalSection
	GlobalSection(ProjectConfigurationPlatforms) = postSolution
		{710E592D-A6AE-49B7-9872-2339D4C631AD}.Debug|Any CPU.ActiveCfg = Debug|Any CPU
		{710E592D-A6AE-49B7-9872-2339D4C631AD}.Debug|Any CPU.Build.0 = Debug|Any CPU
		{710E592D-A6AE-49B7-9872-2339D4C631AD}.Release|Any CPU.ActiveCfg = Release|Any CPU
		{710E592D-A6AE-49B7-9872-2339D4C631AD}.Release|Any CPU.Build.0 = Release|Any CPU
	EndGlobalSection
	GlobalSection(SolutionProperties) = preSolution
		HideSolutionNode = FALSE
	EndGlobalSection
	GlobalSection(ExtensibilityGlobals) = postSolution
		SolutionGuid = {D91CF468-D9A2-4F01-958C-A9867FEDA906}
	EndGlobalSection
EndGlobal
